{
  "requires": true,
  "lockfileVersion": 1,
  "dependencies": {
    "@react-navigation/core": {
      "version": "5.14.4",
      "resolved": "https://registry.npmjs.org/@react-navigation/core/-/core-5.14.4.tgz",
      "integrity": "sha512-MzZU9PO1a/6f9KdN04dC/E4BNl6M1Ba0Tb4sQdl/32y0hM2ToxlrKcERnTLWGFIbQV+9ZV1GTrp3mlGS6U9Jpw==",
      "requires": {
        "@react-navigation/routers": "^5.6.2",
        "escape-string-regexp": "^4.0.0",
        "nanoid": "^3.1.15",
        "query-string": "^6.13.6",
        "react-is": "^16.13.0"
      }
    },
    "@react-navigation/native": {
      "version": "5.8.10",
      "resolved": "https://registry.npmjs.org/@react-navigation/native/-/native-5.8.10.tgz",
      "integrity": "sha512-OUgD1o+y7PwmhRIRqQxN0SQvVU/SHic/ek/qMvBZX8nu5/WlBNxmNRMHVxONgHlG3AQZh27NUs9ynntL7ek1zQ==",
      "requires": {
        "@react-navigation/core": "^5.14.4",
        "escape-string-regexp": "^4.0.0",
        "nanoid": "^3.1.15"
      }
    },
    "@react-navigation/routers": {
      "version": "5.6.2",
      "resolved": "https://registry.npmjs.org/@react-navigation/routers/-/routers-5.6.2.tgz",
      "integrity": "sha512-XBcDKXS5s4MaHFufN44LtbXqFDH/nUHfHjbwG85fP3k772oRyPRgbnUb2mbw5MFGqORla9T7uymR6Gh6uwIwVw==",
      "requires": {
        "nanoid": "^3.1.15"
      }
    },
    "decode-uri-component": {
      "version": "0.2.0",
      "resolved": "https://registry.npmjs.org/decode-uri-component/-/decode-uri-component-0.2.0.tgz",
      "integrity": "sha1-6zkTMzRYd1y4TNGh+uBiEGu4dUU="
    },
    "escape-string-regexp": {
      "version": "4.0.0",
      "resolved": "https://registry.npmjs.org/escape-string-regexp/-/escape-string-regexp-4.0.0.tgz",
      "integrity": "sha512-TtpcNJ3XAzx3Gq8sWRzJaVajRs0uVxA2YAkdb1jm2YkPz4G6egUFAyA3n5vtEIZefPk5Wa4UXbKuS5fKkJWdgA=="
    },
    "nanoid": {
      "version": "3.1.19",
      "resolved": "https://registry.npmjs.org/nanoid/-/nanoid-3.1.19.tgz",
      "integrity": "sha512-giCapaolEGFzITf00P2rSIjWoY3aWS3bb7AzjnfFJH4EOaAPLtyUrr3C5nQ//x4v1wTcU1JgtBpOKPOqqHrakg=="
    },
    "query-string": {
      "version": "6.13.7",
      "resolved": "https://registry.npmjs.org/query-string/-/query-string-6.13.7.tgz",
      "integrity": "sha512-CsGs8ZYb39zu0WLkeOhe0NMePqgYdAuCqxOYKDR5LVCytDZYMGx3Bb+xypvQvPHVPijRXB0HZNFllCzHRe4gEA==",
      "requires": {
        "decode-uri-component": "^0.2.0",
        "split-on-first": "^1.0.0",
        "strict-uri-encode": "^2.0.0"
      }
    },
    "react-is": {
      "version": "16.13.1",
      "resolved": "https://registry.npmjs.org/react-is/-/react-is-16.13.1.tgz",
      "integrity": "sha512-24e6ynE2H+OKt4kqsOvNd8kBpV65zoxbA4BVsEOB3ARVWQki/DHzaUoC5KuON/BiccDaCCTZBuOcfZs70kR8bQ=="
    },
    "split-on-first": {
      "version": "1.1.0",
      "resolved": "https://registry.npmjs.org/split-on-first/-/split-on-first-1.1.0.tgz",
      "integrity": "sha512-43ZssAJaMusuKWL8sKUBQXHWOpq8d6CfN/u1p4gUzfJkM05C8rxTmYrkIPTXapZpORA6LkkzcUulJ8FqA7Uudw=="
    },
    "strict-uri-encode": {
      "version": "2.0.0",
      "resolved": "https://registry.npmjs.org/strict-uri-encode/-/strict-uri-encode-2.0.0.tgz",
      "integrity": "sha1-ucczDHBChi9rFC3CdLvMWGbONUY="
    }
  }
}
